
Microsoft Visual Studio Solution File, Format Version 12.00
# Visual Studio Version 17
VisualStudioVersion = 17.1.32228.430
MinimumVisualStudioVersion = 10.0.40219.1
Project("{FAE04EC0-301F-11D3-BF4B-00C04F79EFBC}") = "VanishPanel", "VanishPanel\VanishPanel.csproj", "{A796C73F-6D1F-4438-A8BE-8E9D0D839A2D}"
EndProject
Global
	GlobalSection(SolutionConfigurationPlatforms) = preSolution
		Debug|Any CPU = Debug|Any CPU
		Release|Any CPU = Release|Any CPU
	EndGlobalSection
	GlobalSection(ProjectConfigurationPlatforms) = postSolution
		{A796C73F-6D1F-4438-A8BE-8E9D0D839A2D}.Debug|Any CPU.ActiveCfg = Debug|Any CPU
		{A796C73F-6D1F-4438-A8BE-8E9D0D839A2D}.Debug|Any CPU.Build.0 = Debug|Any CPU
		{A796C73F-6D1F-4438-A8BE-8E9D0D839A2D}.Release|Any CPU.ActiveCfg = Release|Any CPU
		{A796C73F-6D1F-4438-A8BE-8E9D0D839A2D}.Release|Any CPU.Build.0 = Release|Any CPU
	EndGlobalSection
	GlobalSection(SolutionProperties) = preSolution
		HideSolutionNode = FALSE
	EndGlobalSection
	GlobalSection(ExtensibilityGlobals) = postSolution
		SolutionGuid = {861318AE-5993-4F33-B560-71C0C0C80B72}
	EndGlobalSection
EndGlobal
